
Microsoft Visual Studio Solution File, Format Version 12.00
# Visual Studio Version 16
VisualStudioVersion = 16.0.29318.209
MinimumVisualStudioVersion = 10.0.40219.1
Project("{FAE04EC0-301F-11D3-BF4B-00C04F79EFBC}") = "BLL", "BLL\BLL.csproj", "{8D335C57-D52D-401A-8F9F-639EFA262173}"
EndProject
Project("{FAE04EC0-301F-11D3-BF4B-00C04F79EFBC}") = "DAL", "DAL\DAL.csproj", "{AE218AC7-4CDF-44B2-9C27-11D127D1019F}"
EndProject
Project("{FAE04EC0-301F-11D3-BF4B-00C04F79EFBC}") = "Infrastructure", "Infrastructure\Infrastructure.csproj", "{EF85DC48-E9EA-4650-8EC8-98FF023D876E}"
EndProject
Project("{FAE04EC0-301F-11D3-BF4B-00C04F79EFBC}") = "Common", "Common\Common.csproj", "{DC6B3A3C-33DA-48D1-B268-2C77F2C1A6BE}"
EndProject
Project("{FAE04EC0-301F-11D3-BF4B-00C04F79EFBC}") = "Dictionary", "Dictionary\Dictionary.csproj", "{0F85B12B-FFA4-4864-946F-B0DE0C6FF130}"
EndProject
Global
	GlobalSection(SolutionConfigurationPlatforms) = preSolution
		Debug|Any CPU = Debug|Any CPU
		Release|Any CPU = Release|Any CPU
	EndGlobalSection
	GlobalSection(ProjectConfigurationPlatforms) = postSolution
		{8D335C57-D52D-401A-8F9F-639EFA262173}.Debug|Any CPU.ActiveCfg = Debug|Any CPU
		{8D335C57-D52D-401A-8F9F-639EFA262173}.Debug|Any CPU.Build.0 = Debug|Any CPU
		{8D335C57-D52D-401A-8F9F-639EFA262173}.Release|Any CPU.ActiveCfg = Release|Any CPU
		{8D335C57-D52D-401A-8F9F-639EFA262173}.Release|Any CPU.Build.0 = Release|Any CPU
		{AE218AC7-4CDF-44B2-9C27-11D127D1019F}.Debug|Any CPU.ActiveCfg = Debug|Any CPU
		{AE218AC7-4CDF-44B2-9C27-11D127D1019F}.Debug|Any CPU.Build.0 = Debug|Any CPU
		{AE218AC7-4CDF-44B2-9C27-11D127D1019F}.Release|Any CPU.ActiveCfg = Release|Any CPU
		{AE218AC7-4CDF-44B2-9C27-11D127D1019F}.Release|Any CPU.Build.0 = Release|Any CPU
		{EF85DC48-E9EA-4650-8EC8-98FF023D876E}.Debug|Any CPU.ActiveCfg = Debug|Any CPU
		{EF85DC48-E9EA-4650-8EC8-98FF023D876E}.Debug|Any CPU.Build.0 = Debug|Any CPU
		{EF85DC48-E9EA-4650-8EC8-98FF023D876E}.Release|Any CPU.ActiveCfg = Release|Any CPU
		{EF85DC48-E9EA-4650-8EC8-98FF023D876E}.Release|Any CPU.Build.0 = Release|Any CPU
		{DC6B3A3C-33DA-48D1-B268-2C77F2C1A6BE}.Debug|Any CPU.ActiveCfg = Debug|Any CPU
		{DC6B3A3C-33DA-48D1-B268-2C77F2C1A6BE}.Debug|Any CPU.Build.0 = Debug|Any CPU
		{DC6B3A3C-33DA-48D1-B268-2C77F2C1A6BE}.Release|Any CPU.ActiveCfg = Release|Any CPU
		{DC6B3A3C-33DA-48D1-B268-2C77F2C1A6BE}.Release|Any CPU.Build.0 = Release|Any CPU
		{0F85B12B-FFA4-4864-946F-B0DE0C6FF130}.Debug|Any CPU.ActiveCfg = Debug|Any CPU
		{0F85B12B-FFA4-4864-946F-B0DE0C6FF130}.Debug|Any CPU.Build.0 = Debug|Any CPU
		{0F85B12B-FFA4-4864-946F-B0DE0C6FF130}.Release|Any CPU.ActiveCfg = Release|Any CPU
		{0F85B12B-FFA4-4864-946F-B0DE0C6FF130}.Release|Any CPU.Build.0 = Release|Any CPU
	EndGlobalSection
	GlobalSection(SolutionProperties) = preSolution
		HideSolutionNode = FALSE
	EndGlobalSection
	GlobalSection(ExtensibilityGlobals) = postSolution
		SolutionGuid = {91C4FB1C-F555-4720-9170-7A5469C8EFE3}
	EndGlobalSection
EndGlobal
